{
    "_meta": {
        "hash": {
            "sha256": "255fa0f90d7209803d9673b1b9da624e42997ab3bfcf87095dc5aac3ffdcb547"
        },
        "pipfile-spec": 6,
        "requires": {},
        "sources": [
            {
                "name": "pypi",
                "url": "https://pypi.org/simple",
                "verify_ssl": true
            }
        ]
    },
    "default": {
        "certifi": {
            "hashes": [
                "sha256:1d987a998c75633c40847cc966fcf5904906c920a7f17ef374f5aa4282abd304",
                "sha256:51fcb31174be6e6664c5f69e3e1691a2d72a1a12e90f872cbdb1567eb47b6519"
            ],
            "version": "==2020.4.5.1"
        },
        "chardet": {
            "hashes": [
                "sha256:84ab92ed1c4d4f16916e05906b6b75a6c0fb5db821cc65e70cbd64a3e2a5eaae",
                "sha256:fc323ffcaeaed0e0a02bf4d117757b98aed530d9ed4531e3e15460124c106691"
            ],
            "version": "==3.0.4"
        },
        "click": {
            "hashes": [
                "sha256:2335065e6395b9e67ca716de5f7526736bfa6ceead690adf616d925bdc622b13",
                "sha256:5b94b49521f6456670fdb30cd82a4eca9412788a93fa6dd6df72c94d5a8ff2d7"
            ],
            "index": "pypi",
            "version": "==7.0"
        },
        "ggshield": {
            "editable": true,
            "path": "."
        },
        "idna": {
            "hashes": [
                "sha256:c357b3f628cf53ae2c4c05627ecc484553142ca23264e593d327bcde5e9c3407",
                "sha256:ea8b7f6188e6fa117537c3df7da9fc686d485087abf6ac197f9c46432f7e4a3c"
            ],
            "version": "==2.8"
        },
        "marshmallow": {
            "hashes": [
                "sha256:90854221bbb1498d003a0c3cc9d8390259137551917961c8b5258c64026b2f85",
                "sha256:ac2e13b30165501b7d41fc0371b8df35944f5849769d136f20e2c5f6cdc6e665"
            ],
            "index": "pypi",
            "version": "==3.5.1"
        },
        "pyyaml": {
            "hashes": [
                "sha256:1adecc22f88d38052fb787d959f003811ca858b799590a5eaa70e63dca50308c",
                "sha256:436bc774ecf7c103814098159fbb84c2715d25980175292c648f2da143909f95",
                "sha256:460a5a4248763f6f37ea225d19d5c205677d8d525f6a83357ca622ed541830c2",
                "sha256:5a22a9c84653debfbf198d02fe592c176ea548cccce47553f35f466e15cf2fd4",
                "sha256:7a5d3f26b89d688db27822343dfa25c599627bc92093e788956372285c6298ad",
                "sha256:9372b04a02080752d9e6f990179a4ab840227c6e2ce15b95e1278456664cf2ba",
                "sha256:a5dcbebee834eaddf3fa7366316b880ff4062e4bcc9787b78c7fbb4a26ff2dd1",
                "sha256:aee5bab92a176e7cd034e57f46e9df9a9862a71f8f37cad167c6fc74c65f5b4e",
                "sha256:c51f642898c0bacd335fc119da60baae0824f2cde95b0330b56c0553439f0673",
                "sha256:c68ea4d3ba1705da1e0d85da6684ac657912679a649e8868bd850d2c299cce13",
                "sha256:e23d0cc5299223dcc37885dae624f382297717e459ea24053709675a976a3e19"
            ],
            "index": "pypi",
            "version": "==5.1"
        },
        "requests": {
            "hashes": [
                "sha256:11e007a8a2aa0323f5a921e9e6a2d7e4e67d9877e85773fba9ba6419025cbeb4",
                "sha256:9cf5292fcd0f598c671cfc1e0d7d1a7f13bb8085e9a590f48c010551dc6c4b31"
            ],
            "index": "pypi",
            "version": "==2.22.0"
        },
        "urllib3": {
            "hashes": [
                "sha256:3018294ebefce6572a474f0604c2021e33b3fd8006ecd11d62107a5d2a963527",
                "sha256:88206b0eb87e6d677d424843ac5209e3fb9d0190d0ee169599165ec25e9d9115"
            ],
            "version": "==1.25.9"
        }
    },
    "develop": {
        "appdirs": {
            "hashes": [
                "sha256:9e5896d1372858f8dd3344faf4e5014d21849c756c8d5701f78f8a103b372d92",
                "sha256:d8b24664561d0d34ddfaec54636d502d7cea6e29c3eaf68f3df6180863e2166e"
            ],
            "version": "==1.4.3"
        },
        "attrs": {
            "hashes": [
                "sha256:08a96c641c3a74e44eb59afb61a24f2cb9f4d7188748e76ba4bb5edfa3cb7d1c",
                "sha256:f7b7ce16570fe9965acd6d30101a28f62fb4a7f9e926b3bbc9b61f8b04247e72"
            ],
            "version": "==19.3.0"
        },
        "black": {
            "hashes": [
                "sha256:1b30e59be925fafc1ee4565e5e08abef6b03fe455102883820fe5ee2e4734e0b",
                "sha256:c2edb73a08e9e0e6f65a0e6af18b059b8b1cdd5bef997d7a0b181df93dc81539"
            ],
            "index": "pypi",
            "version": "==19.10b0"
        },
        "cfgv": {
            "hashes": [
                "sha256:1ccf53320421aeeb915275a196e23b3b8ae87dea8ac6698b1638001d4a486d53",
                "sha256:c8e8f552ffcc6194f4e18dd4f68d9aef0c0d58ae7e7be8c82bee3c5e9edfa513"
            ],
            "version": "==3.1.0"
        },
        "click": {
            "hashes": [
                "sha256:2335065e6395b9e67ca716de5f7526736bfa6ceead690adf616d925bdc622b13",
                "sha256:5b94b49521f6456670fdb30cd82a4eca9412788a93fa6dd6df72c94d5a8ff2d7"
            ],
            "index": "pypi",
            "version": "==7.0"
        },
        "distlib": {
            "hashes": [
                "sha256:2e166e231a26b36d6dfe35a48c4464346620f8645ed0ace01ee31822b288de21"
            ],
            "version": "==0.3.0"
        },
        "entrypoints": {
            "hashes": [
                "sha256:589f874b313739ad35be6e0cd7efde2a4e9b6fea91edcc34e58ecbb8dbe56d19",
                "sha256:c70dd71abe5a8c85e55e12c19bd91ccfeec11a6e99044204511f9ed547d48451"
            ],
            "version": "==0.3"
        },
        "fastdiff": {
            "hashes": [
                "sha256:623ad3d9055ab78e014d0d10767cb033d98d5d4f66052abf498350c8e42e29aa"
            ],
            "version": "==0.2.0"
        },
        "filelock": {
            "hashes": [
                "sha256:18d82244ee114f543149c66a6e0c14e9c4f8a1044b5cdaadd0f82159d6a6ff59",
                "sha256:929b7d63ec5b7d6b71b0fa5ac14e030b3f70b75747cef1b10da9b879fef15836"
            ],
            "version": "==3.0.12"
        },
        "flake8": {
            "hashes": [
                "sha256:45681a117ecc81e870cbf1262835ae4af5e7a8b08e40b944a8a6e6b895914cfb",
                "sha256:49356e766643ad15072a789a20915d3c91dc89fd313ccd71802303fd67e4deca"
            ],
            "index": "pypi",
            "version": "==3.7.9"
        },
        "flake8-isort": {
            "hashes": [
                "sha256:3ce227b5c5342b6d63937d3863e8de8783ae21863cb035cf992cdb0ba5990aa3",
                "sha256:f5322a85cea89998e0df954162fd35a1f1e5b5eb4fc0c79b5975aa2799106baa"
            ],
            "index": "pypi",
            "version": "==3.0.0"
        },
        "flake8-quotes": {
            "hashes": [
                "sha256:39762e16a1ea6b7f0e998a04be14d71b55e74de09b5026bd41907c996a8c82cf"
            ],
            "index": "pypi",
            "version": "==3.0.0"
        },
        "identify": {
            "hashes": [
                "sha256:2bb8760d97d8df4408f4e805883dad26a2d076f04be92a10a3e43f09c6060742",
                "sha256:faffea0fd8ec86bb146ac538ac350ed0c73908326426d387eded0bcc9d077522"
            ],
            "version": "==1.4.14"
        },
        "idna": {
            "hashes": [
                "sha256:c357b3f628cf53ae2c4c05627ecc484553142ca23264e593d327bcde5e9c3407",
                "sha256:ea8b7f6188e6fa117537c3df7da9fc686d485087abf6ac197f9c46432f7e4a3c"
            ],
            "version": "==2.8"
        },
        "isort": {
            "extras": [
                "pyproject"
            ],
            "hashes": [
                "sha256:54da7e92468955c4fceacd0c86bd0ec997b0e1ee80d97f67c35a78b719dccab1",
                "sha256:6e811fcb295968434526407adb8796944f1988c5b65e8139058f2014cbe100fd"
            ],
            "index": "pypi",
            "version": "==4.3.21"
        },
        "mccabe": {
            "hashes": [
                "sha256:ab8a6258860da4b6677da4bd2fe5dc2c659cff31b3ee4f7f5d64e79735b80d42",
                "sha256:dd8d182285a0fe56bace7f45b5e7d1a6ebcbf524e8f3bd87eb0f125271b8831f"
            ],
            "version": "==0.6.1"
        },
        "mock": {
            "hashes": [
                "sha256:3f9b2c0196c60d21838f307f5825a7b86b678cedc58ab9e50a8988187b4d81e0",
                "sha256:dd33eb70232b6118298d516bbcecd26704689c386594f0f3c4f13867b2c56f72"
            ],
            "index": "pypi",
            "version": "==4.0.2"
        },
        "more-itertools": {
            "hashes": [
                "sha256:5dd8bcf33e5f9513ffa06d5ad33d78f31e1931ac9a18f33d37e77a180d393a7c",
                "sha256:b1ddb932186d8a6ac451e1d95844b382f55e12686d51ca0c68b6f61f2ab7a507"
            ],
            "version": "==8.2.0"
        },
        "multidict": {
            "hashes": [
                "sha256:317f96bc0950d249e96d8d29ab556d01dd38888fbe68324f46fd834b430169f1",
                "sha256:42f56542166040b4474c0c608ed051732033cd821126493cf25b6c276df7dd35",
                "sha256:4b7df040fb5fe826d689204f9b544af469593fb3ff3a069a6ad3409f742f5928",
                "sha256:544fae9261232a97102e27a926019100a9db75bec7b37feedd74b3aa82f29969",
                "sha256:620b37c3fea181dab09267cd5a84b0f23fa043beb8bc50d8474dd9694de1fa6e",
                "sha256:6e6fef114741c4d7ca46da8449038ec8b1e880bbe68674c01ceeb1ac8a648e78",
                "sha256:7774e9f6c9af3f12f296131453f7b81dabb7ebdb948483362f5afcaac8a826f1",
                "sha256:85cb26c38c96f76b7ff38b86c9d560dea10cf3459bb5f4caf72fc1bb932c7136",
                "sha256:a326f4240123a2ac66bb163eeba99578e9d63a8654a59f4688a79198f9aa10f8",
                "sha256:ae402f43604e3b2bc41e8ea8b8526c7fa7139ed76b0d64fc48e28125925275b2",
                "sha256:aee283c49601fa4c13adc64c09c978838a7e812f85377ae130a24d7198c0331e",
                "sha256:b51249fdd2923739cd3efc95a3d6c363b67bbf779208e9f37fd5e68540d1a4d4",
                "sha256:bb519becc46275c594410c6c28a8a0adc66fe24fef154a9addea54c1adb006f5",
                "sha256:c2c37185fb0af79d5c117b8d2764f4321eeb12ba8c141a95d0aa8c2c1d0a11dd",
                "sha256:dc561313279f9d05a3d0ffa89cd15ae477528ea37aa9795c4654588a3287a9ab",
                "sha256:e439c9a10a95cb32abd708bb8be83b2134fa93790a4fb0535ca36db3dda94d20",
                "sha256:fc3b4adc2ee8474cb3cd2a155305d5f8eda0a9c91320f83e55748e1fcb68f8e3"
            ],
            "version": "==4.7.5"
        },
        "nodeenv": {
            "hashes": [
                "sha256:5b2438f2e42af54ca968dd1b374d14a1194848955187b0e5e4be1f73813a5212"
            ],
            "version": "==1.3.5"
        },
        "packaging": {
            "hashes": [
                "sha256:3c292b474fda1671ec57d46d739d072bfd495a4f51ad01a055121d81e952b7a3",
                "sha256:82f77b9bee21c1bafbf35a84905d604d5d1223801d639cf3ed140bd651c08752"
            ],
            "version": "==20.3"
        },
        "pathspec": {
            "hashes": [
                "sha256:7d91249d21749788d07a2d0f94147accd8f845507400749ea19c1ec9054a12b0",
                "sha256:da45173eb3a6f2a5a487efba21f050af2b41948be6ab52b6a1e3ff22bb8b7061"
            ],
            "version": "==0.8.0"
        },
        "pluggy": {
            "hashes": [
                "sha256:15b2acde666561e1298d71b523007ed7364de07029219b604cf808bfa1c765b0",
                "sha256:966c145cd83c96502c3c3868f50408687b38434af77734af1e9ca461a4081d2d"
            ],
            "version": "==0.13.1"
        },
        "pre-commit": {
            "hashes": [
                "sha256:487c675916e6f99d355ec5595ad77b325689d423ef4839db1ed2f02f639c9522",
                "sha256:c0aa11bce04a7b46c5544723aedf4e81a4d5f64ad1205a30a9ea12d5e81969e1"
            ],
            "index": "pypi",
            "version": "==2.2.0"
        },
        "py": {
            "hashes": [
                "sha256:5e27081401262157467ad6e7f851b7aa402c5852dbcb3dae06768434de5752aa",
                "sha256:c20fdd83a5dbc0af9efd622bee9a5564e278f6380fffcacc43ba6f43db2813b0"
            ],
            "version": "==1.8.1"
        },
        "pycodestyle": {
            "hashes": [
                "sha256:95a2219d12372f05704562a14ec30bc76b05a5b297b21a5dfe3f6fac3491ae56",
                "sha256:e40a936c9a450ad81df37f549d676d127b1b66000a6c500caa2b085bc0ca976c"
            ],
            "version": "==2.5.0"
        },
        "pyflakes": {
            "hashes": [
                "sha256:17dbeb2e3f4d772725c777fabc446d5634d1038f234e77343108ce445ea69ce0",
                "sha256:d976835886f8c5b31d47970ed689944a0262b5f3afa00a5a7b4dc81e5449f8a2"
            ],
            "version": "==2.1.1"
        },
        "pyparsing": {
            "hashes": [
                "sha256:c203ec8783bf771a155b207279b9bccb8dea02d8f0c9e5f8ead507bc3246ecc1",
                "sha256:ef9d7589ef3c200abe66653d3f1ab1033c3c419ae9b9bdb1240a85b024efc88b"
            ],
            "version": "==2.4.7"
        },
        "pytest": {
            "hashes": [
                "sha256:0e5b30f5cb04e887b91b1ee519fa3d89049595f428c1db76e73bd7f17b09b172",
                "sha256:84dde37075b8805f3d1f392cc47e38a0e59518fb46a431cfdaf7cf1ce805f970"
            ],
            "index": "pypi",
            "version": "==5.4.1"
        },
        "pyyaml": {
            "hashes": [
                "sha256:1adecc22f88d38052fb787d959f003811ca858b799590a5eaa70e63dca50308c",
                "sha256:436bc774ecf7c103814098159fbb84c2715d25980175292c648f2da143909f95",
                "sha256:460a5a4248763f6f37ea225d19d5c205677d8d525f6a83357ca622ed541830c2",
                "sha256:5a22a9c84653debfbf198d02fe592c176ea548cccce47553f35f466e15cf2fd4",
                "sha256:7a5d3f26b89d688db27822343dfa25c599627bc92093e788956372285c6298ad",
                "sha256:9372b04a02080752d9e6f990179a4ab840227c6e2ce15b95e1278456664cf2ba",
                "sha256:a5dcbebee834eaddf3fa7366316b880ff4062e4bcc9787b78c7fbb4a26ff2dd1",
                "sha256:aee5bab92a176e7cd034e57f46e9df9a9862a71f8f37cad167c6fc74c65f5b4e",
                "sha256:c51f642898c0bacd335fc119da60baae0824f2cde95b0330b56c0553439f0673",
                "sha256:c68ea4d3ba1705da1e0d85da6684ac657912679a649e8868bd850d2c299cce13",
                "sha256:e23d0cc5299223dcc37885dae624f382297717e459ea24053709675a976a3e19"
            ],
            "index": "pypi",
            "version": "==5.1"
        },
        "regex": {
            "hashes": [
                "sha256:08119f707f0ebf2da60d2f24c2f39ca616277bb67ef6c92b72cbf90cbe3a556b",
                "sha256:0ce9537396d8f556bcfc317c65b6a0705320701e5ce511f05fc04421ba05b8a8",
                "sha256:1cbe0fa0b7f673400eb29e9ef41d4f53638f65f9a2143854de6b1ce2899185c3",
                "sha256:2294f8b70e058a2553cd009df003a20802ef75b3c629506be20687df0908177e",
                "sha256:23069d9c07e115537f37270d1d5faea3e0bdded8279081c4d4d607a2ad393683",
                "sha256:24f4f4062eb16c5bbfff6a22312e8eab92c2c99c51a02e39b4eae54ce8255cd1",
                "sha256:295badf61a51add2d428a46b8580309c520d8b26e769868b922750cf3ce67142",
                "sha256:2a3bf8b48f8e37c3a40bb3f854bf0121c194e69a650b209628d951190b862de3",
                "sha256:4385f12aa289d79419fede43f979e372f527892ac44a541b5446617e4406c468",
                "sha256:5635cd1ed0a12b4c42cce18a8d2fb53ff13ff537f09de5fd791e97de27b6400e",
                "sha256:5bfed051dbff32fd8945eccca70f5e22b55e4148d2a8a45141a3b053d6455ae3",
                "sha256:7e1037073b1b7053ee74c3c6c0ada80f3501ec29d5f46e42669378eae6d4405a",
                "sha256:90742c6ff121a9c5b261b9b215cb476eea97df98ea82037ec8ac95d1be7a034f",
                "sha256:a58dd45cb865be0ce1d5ecc4cfc85cd8c6867bea66733623e54bd95131f473b6",
                "sha256:c087bff162158536387c53647411db09b6ee3f9603c334c90943e97b1052a156",
                "sha256:c162a21e0da33eb3d31a3ac17a51db5e634fc347f650d271f0305d96601dc15b",
                "sha256:c9423a150d3a4fc0f3f2aae897a59919acd293f4cb397429b120a5fcd96ea3db",
                "sha256:ccccdd84912875e34c5ad2d06e1989d890d43af6c2242c6fcfa51556997af6cd",
                "sha256:e91ba11da11cf770f389e47c3f5c30473e6d85e06d7fd9dcba0017d2867aab4a",
                "sha256:ea4adf02d23b437684cd388d557bf76e3afa72f7fed5bbc013482cc00c816948",
                "sha256:fb95debbd1a824b2c4376932f2216cc186912e389bdb0e27147778cf6acb3f89"
            ],
            "version": "==2020.4.4"
        },
        "six": {
            "hashes": [
                "sha256:236bdbdce46e6e6a3d61a337c0f8b763ca1e8717c03b369e87a7ec7ce1319c0a",
                "sha256:8f3cd2e254d8f793e7f3d6d9df77b92252b52637291d0f0da013c76ea2724b6c"
            ],
            "version": "==1.14.0"
        },
        "snapshottest": {
            "hashes": [
                "sha256:2cc7157e77674ea8ebeb2351466ff50cd4b5ad8e213adc06df9c16a75ab5bafc"
            ],
            "index": "pypi",
            "version": "==0.5.1"
        },
        "termcolor": {
            "hashes": [
                "sha256:1d6d69ce66211143803fbc56652b41d73b4a400a2891d7bf7a1cdf4c02de613b"
            ],
            "version": "==1.1.0"
        },
        "testfixtures": {
            "hashes": [
                "sha256:30566e24a1b34e4d3f8c13abf62557d01eeb4480bcb8f1745467bfb0d415a7d9",
                "sha256:58d2b3146d93bc5ddb0cd24e0ccacb13e29bdb61e5c81235c58f7b8ee4470366"
            ],
            "version": "==6.14.1"
        },
        "toml": {
            "hashes": [
                "sha256:229f81c57791a41d65e399fc06bf0848bab550a9dfd5ed66df18ce5f05e73d5c",
                "sha256:235682dd292d5899d361a811df37e04a8828a5b1da3115886b73cf81ebc9100e"
            ],
            "version": "==0.10.0"
        },
        "typed-ast": {
            "hashes": [
                "sha256:0666aa36131496aed8f7be0410ff974562ab7eeac11ef351def9ea6fa28f6355",
                "sha256:0c2c07682d61a629b68433afb159376e24e5b2fd4641d35424e462169c0a7919",
                "sha256:249862707802d40f7f29f6e1aad8d84b5aa9e44552d2cc17384b209f091276aa",
                "sha256:24995c843eb0ad11a4527b026b4dde3da70e1f2d8806c99b7b4a7cf491612652",
                "sha256:269151951236b0f9a6f04015a9004084a5ab0d5f19b57de779f908621e7d8b75",
                "sha256:4083861b0aa07990b619bd7ddc365eb7fa4b817e99cf5f8d9cf21a42780f6e01",
                "sha256:498b0f36cc7054c1fead3d7fc59d2150f4d5c6c56ba7fb150c013fbc683a8d2d",
                "sha256:4e3e5da80ccbebfff202a67bf900d081906c358ccc3d5e3c8aea42fdfdfd51c1",
                "sha256:6daac9731f172c2a22ade6ed0c00197ee7cc1221aa84cfdf9c31defeb059a907",
                "sha256:715ff2f2df46121071622063fc7543d9b1fd19ebfc4f5c8895af64a77a8c852c",
                "sha256:73d785a950fc82dd2a25897d525d003f6378d1cb23ab305578394694202a58c3",
                "sha256:8c8aaad94455178e3187ab22c8b01a3837f8ee50e09cf31f1ba129eb293ec30b",
                "sha256:8ce678dbaf790dbdb3eba24056d5364fb45944f33553dd5869b7580cdbb83614",
                "sha256:aaee9905aee35ba5905cfb3c62f3e83b3bec7b39413f0a7f19be4e547ea01ebb",
                "sha256:bcd3b13b56ea479b3650b82cabd6b5343a625b0ced5429e4ccad28a8973f301b",
                "sha256:c9e348e02e4d2b4a8b2eedb48210430658df6951fa484e59de33ff773fbd4b41",
                "sha256:d205b1b46085271b4e15f670058ce182bd1199e56b317bf2ec004b6a44f911f6",
                "sha256:d43943ef777f9a1c42bf4e552ba23ac77a6351de620aa9acf64ad54933ad4d34",
                "sha256:d5d33e9e7af3b34a40dc05f498939f0ebf187f07c385fd58d591c533ad8562fe",
                "sha256:fc0fea399acb12edbf8a628ba8d2312f583bdbdb3335635db062fa98cf71fca4",
                "sha256:fe460b922ec15dd205595c9b5b99e2f056fd98ae8f9f56b888e7a17dc2b757e7"
            ],
            "version": "==1.4.1"
        },
        "vcrpy": {
            "hashes": [
                "sha256:9740c5b1b63626ec55cefb415259a2c77ce00751e97b0f7f214037baaf13c7bf",
                "sha256:c4ddf1b92c8a431901c56a1738a2c797d965165a96348a26f4b2bbc5fa6d36d9"
            ],
            "index": "pypi",
            "version": "==4.0.2"
        },
        "virtualenv": {
            "hashes": [
                "sha256:5021396e8f03d0d002a770da90e31e61159684db2859d0ba4850fbea752aa675",
                "sha256:ac53ade75ca189bc97b6c1d9ec0f1a50efe33cbf178ae09452dcd9fd309013c1"
            ],
            "version": "==20.0.18"
        },
        "wasmer": {
            "hashes": [
                "sha256:519d9f7a33f0dc28498edf8d074944df1cfda3f4d56a6b0a9dc606e99f230c07",
                "sha256:6e37fd76931da954d12f7708e7fc790c479e17ea6dfe54bb4f1403d6fe919c62",
                "sha256:92aee4b3994735f72e27c9deaca36d063781ddfd1068756bf63509288c1a2c14",
                "sha256:c36c6c7a3582c0467ea76c5b86a5a25c2e1a713669ebf8fc6511b26f30828ed7",
                "sha256:d5a58b318628bd48605a4810ee9ba030ec4423dee730d45f031bd082cf36ad8b",
                "sha256:f864b1e910e6803aa8f3ed9c371b145f0b6fd191f5fbefea011ac7ed4258734d",
                "sha256:fa1c8479781c91e6b814ef006f6e099b6550eba12601a8617475fb514fc09365"
            ],
            "version": "==0.4.1"
        },
        "wcwidth": {
            "hashes": [
                "sha256:cafe2186b3c009a04067022ce1dcd79cb38d8d65ee4f4791b8888d6599d1bbe1",
                "sha256:ee73862862a156bf77ff92b09034fc4825dd3af9cf81bc5b360668d425f3c5f1"
            ],
            "version": "==0.1.9"
        },
        "wrapt": {
            "hashes": [
                "sha256:b62ffa81fb85f4332a4f609cab4ac40709470da05643a082ec1eb88e6d9b97d7"
            ],
            "version": "==1.12.1"
        },
        "yarl": {
            "hashes": [
                "sha256:0c2ab325d33f1b824734b3ef51d4d54a54e0e7a23d13b86974507602334c2cce",
                "sha256:0ca2f395591bbd85ddd50a82eb1fde9c1066fafe888c5c7cc1d810cf03fd3cc6",
                "sha256:2098a4b4b9d75ee352807a95cdf5f10180db903bc5b7270715c6bbe2551f64ce",
                "sha256:25e66e5e2007c7a39541ca13b559cd8ebc2ad8fe00ea94a2aad28a9b1e44e5ae",
                "sha256:26d7c90cb04dee1665282a5d1a998defc1a9e012fdca0f33396f81508f49696d",
                "sha256:308b98b0c8cd1dfef1a0311dc5e38ae8f9b58349226aa0533f15a16717ad702f",
                "sha256:3ce3d4f7c6b69c4e4f0704b32eca8123b9c58ae91af740481aa57d7857b5e41b",
                "sha256:58cd9c469eced558cd81aa3f484b2924e8897049e06889e8ff2510435b7ef74b",
                "sha256:5b10eb0e7f044cf0b035112446b26a3a2946bca9d7d7edb5e54a2ad2f6652abb",
                "sha256:6faa19d3824c21bcbfdfce5171e193c8b4ddafdf0ac3f129ccf0cdfcb083e462",
                "sha256:944494be42fa630134bf907714d40207e646fd5a94423c90d5b514f7b0713fea",
                "sha256:a161de7e50224e8e3de6e184707476b5a989037dcb24292b391a3d66ff158e70",
                "sha256:a4844ebb2be14768f7994f2017f70aca39d658a96c786211be5ddbe1c68794c1",
                "sha256:c2b509ac3d4b988ae8769901c66345425e361d518aecbe4acbfc2567e416626a",
                "sha256:c9959d49a77b0e07559e579f38b2f3711c2b8716b8410b320bf9713013215a1b",
                "sha256:d8cdee92bc930d8b09d8bd2043cedd544d9c8bd7436a77678dd602467a993080",
                "sha256:e15199cdb423316e15f108f51249e44eb156ae5dba232cb73be555324a1d49c2"
            ],
            "markers": "python_version >= '3.6'",
            "version": "==1.4.2"
        }
    }
}
