{
    "_meta": {
        "hash": {
            "sha256": "91943b24626a2b25a58d8752a87fa76665718e12d52b4a0e5320c06f803dd041"
        },
        "pipfile-spec": 6,
        "requires": {},
        "sources": [
            {
                "name": "pypi",
                "url": "https://pypi.org/simple",
                "verify_ssl": true
            }
        ]
    },
    "default": {
        "certifi": {
            "hashes": [
                "sha256:5930595817496dd21bb8dc35dad090f1c2cd0adfaf21204bf6732ca5d8ee34d3",
                "sha256:8fc0819f1f30ba15bdb34cceffb9ef04d99f420f68eb75d901e9560b8749fc41"
            ],
            "version": "==2020.6.20"
        },
        "chardet": {
            "hashes": [
                "sha256:84ab92ed1c4d4f16916e05906b6b75a6c0fb5db821cc65e70cbd64a3e2a5eaae",
                "sha256:fc323ffcaeaed0e0a02bf4d117757b98aed530d9ed4531e3e15460124c106691"
            ],
            "version": "==3.0.4"
        },
        "click": {
            "hashes": [
                "sha256:d2b5255c7c6349bc1bd1e59e08cd12acbbd63ce649f2588755783aa94dfb6b1a",
                "sha256:dacca89f4bfadd5de3d7489b7c8a566eee0d3676333fbb50030263894c38c0dc"
            ],
            "index": "pypi",
            "version": "==7.1.2"
        },
        "ggshield": {
            "editable": true,
            "path": "."
        },
        "idna": {
            "hashes": [
                "sha256:b307872f855b18632ce0c21c5e45be78c0ea7ae4c15c828c20788b26921eb3f6",
                "sha256:b97d804b1e9b523befed77c48dacec60e6dcb0b5391d57af6a65a312a90648c0"
            ],
            "markers": "python_version >= '2.7' and python_version not in '3.0, 3.1, 3.2, 3.3'",
            "version": "==2.10"
        },
        "marshmallow": {
            "hashes": [
                "sha256:2272273505f1644580fbc66c6b220cc78f893eb31f1ecde2af98ad28011e9811",
                "sha256:47911dd7c641a27160f0df5fd0fe94667160ffe97f70a42c3cc18388d86098cc"
            ],
            "markers": "python_version >= '3.5'",
            "version": "==3.8.0"
        },
        "pygitguardian": {
            "hashes": [
                "sha256:0cbe8b9c6abcb5b8cb0d4ce0e0b90f3942305a9ffc29fb5afa7f2711560ea51f",
                "sha256:9f9a3abc27e326917902b2a18907777be35b7882a45e9eec4e1d890ae0a33cf2"
            ],
            "index": "pypi",
            "version": "==1.1.0"
        },
        "python-dotenv": {
            "hashes": [
                "sha256:8c10c99a1b25d9a68058a1ad6f90381a62ba68230ca93966882a4dbc3bc9c33d",
                "sha256:c10863aee750ad720f4f43436565e4c1698798d763b63234fb5021b6c616e423"
            ],
            "index": "pypi",
            "version": "==0.14.0"
        },
        "pyyaml": {
            "hashes": [
                "sha256:06a0d7ba600ce0b2d2fe2e78453a470b5a6e000a985dd4a4e54e436cc36b0e97",
                "sha256:240097ff019d7c70a4922b6869d8a86407758333f02203e0fc6ff79c5dcede76",
                "sha256:4f4b913ca1a7319b33cfb1369e91e50354d6f07a135f3b901aca02aa95940bd2",
                "sha256:69f00dca373f240f842b2931fb2c7e14ddbacd1397d57157a9b005a6a9942648",
                "sha256:73f099454b799e05e5ab51423c7bcf361c58d3206fa7b0d555426b1f4d9a3eaf",
                "sha256:74809a57b329d6cc0fdccee6318f44b9b8649961fa73144a98735b0aaf029f1f",
                "sha256:7739fc0fa8205b3ee8808aea45e968bc90082c10aef6ea95e855e10abf4a37b2",
                "sha256:95f71d2af0ff4227885f7a6605c37fd53d3a106fcab511b8860ecca9fcf400ee",
                "sha256:b8eac752c5e14d3eca0e6dd9199cd627518cb5ec06add0de9d32baeee6fe645d",
                "sha256:cc8955cfbfc7a115fa81d85284ee61147059a753344bc51098f3ccd69b0d7e0c",
                "sha256:d13155f591e6fcc1ec3b30685d50bf0711574e2c0dfffd7644babf8b5102ca1a"
            ],
            "index": "pypi",
            "version": "==5.3.1"
        },
        "requests": {
            "hashes": [
                "sha256:b3559a131db72c33ee969480840fff4bb6dd111de7dd27c8ee1f820f4f00231b",
                "sha256:fe75cc94a9443b9246fc7049224f75604b113c36acb93f87b80ed42c44cbb898"
            ],
            "markers": "python_version >= '2.7' and python_version not in '3.0, 3.1, 3.2, 3.3, 3.4'",
            "version": "==2.24.0"
        },
        "urllib3": {
            "hashes": [
                "sha256:91056c15fa70756691db97756772bb1eb9678fa585d9184f24534b100dc60f4a",
                "sha256:e7983572181f5e1522d9c98453462384ee92a0be7fac5f1413a1e35c56cc0461"
            ],
            "markers": "python_version >= '2.7' and python_version not in '3.0, 3.1, 3.2, 3.3, 3.4' and python_version < '4'",
            "version": "==1.25.10"
        }
    },
    "develop": {
        "appdirs": {
            "hashes": [
                "sha256:7d5d0167b2b1ba821647616af46a749d1c653740dd0d2415100fe26e27afdf41",
                "sha256:a841dacd6b99318a741b166adb07e19ee71a274450e68237b4650ca1055ab128"
            ],
            "version": "==1.4.4"
        },
        "aspy.refactor-imports": {
            "hashes": [
                "sha256:9df76bf19ef81620068b785a386740ab3c8939fcbdcebf20c4a4e0057230d782",
                "sha256:eec8d1a73bedf64ffb8b589ad919a030c1fb14acf7d1ce0ab192f6eedae895c5"
            ],
            "markers": "python_full_version >= '3.6.1'",
            "version": "==2.1.1"
        },
        "attrs": {
            "hashes": [
                "sha256:26b54ddbbb9ee1d34d5d3668dd37d6cf74990ab23c828c2888dccdceee395594",
                "sha256:fce7fc47dfc976152e82d53ff92fa0407700c21acd20886a13777a0d20e655dc"
            ],
            "markers": "python_version >= '2.7' and python_version not in '3.0, 3.1, 3.2, 3.3'",
            "version": "==20.2.0"
        },
        "black": {
            "hashes": [
                "sha256:1c02557aa099101b9d21496f8a914e9ed2222ef70336404eeeac8edba836fbea"
            ],
            "index": "pypi",
            "version": "==20.8b1"
        },
        "cached-property": {
            "hashes": [
                "sha256:9fa5755838eecbb2d234c3aa390bd80fbd3ac6b6869109bfc1b499f7bd89a130",
                "sha256:df4f613cf7ad9a588cc381aaf4a512d26265ecebd5eb9e1ba12f1319eb85a6a0"
            ],
            "version": "==1.5.2"
        },
        "cfgv": {
            "hashes": [
                "sha256:32e43d604bbe7896fe7c248a9c2276447dbef840feb28fe20494f62af110211d",
                "sha256:cf22deb93d4bcf92f345a5c3cd39d3d41d6340adc60c78bbbd6588c384fda6a1"
            ],
            "markers": "python_full_version >= '3.6.1'",
            "version": "==3.2.0"
        },
        "click": {
            "hashes": [
                "sha256:d2b5255c7c6349bc1bd1e59e08cd12acbbd63ce649f2588755783aa94dfb6b1a",
                "sha256:dacca89f4bfadd5de3d7489b7c8a566eee0d3676333fbb50030263894c38c0dc"
            ],
            "index": "pypi",
            "version": "==7.1.2"
        },
        "coverage": {
            "hashes": [
                "sha256:0203acd33d2298e19b57451ebb0bed0ab0c602e5cf5a818591b4918b1f97d516",
                "sha256:0f313707cdecd5cd3e217fc68c78a960b616604b559e9ea60cc16795c4304259",
                "sha256:1c6703094c81fa55b816f5ae542c6ffc625fec769f22b053adb42ad712d086c9",
                "sha256:1d44bb3a652fed01f1f2c10d5477956116e9b391320c94d36c6bf13b088a1097",
                "sha256:280baa8ec489c4f542f8940f9c4c2181f0306a8ee1a54eceba071a449fb870a0",
                "sha256:29a6272fec10623fcbe158fdf9abc7a5fa032048ac1d8631f14b50fbfc10d17f",
                "sha256:2b31f46bf7b31e6aa690d4c7a3d51bb262438c6dcb0d528adde446531d0d3bb7",
                "sha256:2d43af2be93ffbad25dd959899b5b809618a496926146ce98ee0b23683f8c51c",
                "sha256:381ead10b9b9af5f64646cd27107fb27b614ee7040bb1226f9c07ba96625cbb5",
                "sha256:47a11bdbd8ada9b7ee628596f9d97fbd3851bd9999d398e9436bd67376dbece7",
                "sha256:4d6a42744139a7fa5b46a264874a781e8694bb32f1d76d8137b68138686f1729",
                "sha256:50691e744714856f03a86df3e2bff847c2acede4c191f9a1da38f088df342978",
                "sha256:530cc8aaf11cc2ac7430f3614b04645662ef20c348dce4167c22d99bec3480e9",
                "sha256:582ddfbe712025448206a5bc45855d16c2e491c2dd102ee9a2841418ac1c629f",
                "sha256:63808c30b41f3bbf65e29f7280bf793c79f54fb807057de7e5238ffc7cc4d7b9",
                "sha256:71b69bd716698fa62cd97137d6f2fdf49f534decb23a2c6fc80813e8b7be6822",
                "sha256:7858847f2d84bf6e64c7f66498e851c54de8ea06a6f96a32a1d192d846734418",
                "sha256:78e93cc3571fd928a39c0b26767c986188a4118edc67bc0695bc7a284da22e82",
                "sha256:7f43286f13d91a34fadf61ae252a51a130223c52bfefb50310d5b2deb062cf0f",
                "sha256:86e9f8cd4b0cdd57b4ae71a9c186717daa4c5a99f3238a8723f416256e0b064d",
                "sha256:8f264ba2701b8c9f815b272ad568d555ef98dfe1576802ab3149c3629a9f2221",
                "sha256:9342dd70a1e151684727c9c91ea003b2fb33523bf19385d4554f7897ca0141d4",
                "sha256:9361de40701666b034c59ad9e317bae95c973b9ff92513dd0eced11c6adf2e21",
                "sha256:9669179786254a2e7e57f0ecf224e978471491d660aaca833f845b72a2df3709",
                "sha256:aac1ba0a253e17889550ddb1b60a2063f7474155465577caa2a3b131224cfd54",
                "sha256:aef72eae10b5e3116bac6957de1df4d75909fc76d1499a53fb6387434b6bcd8d",
                "sha256:bd3166bb3b111e76a4f8e2980fa1addf2920a4ca9b2b8ca36a3bc3dedc618270",
                "sha256:c1b78fb9700fc961f53386ad2fd86d87091e06ede5d118b8a50dea285a071c24",
                "sha256:c3888a051226e676e383de03bf49eb633cd39fc829516e5334e69b8d81aae751",
                "sha256:c5f17ad25d2c1286436761b462e22b5020d83316f8e8fcb5deb2b3151f8f1d3a",
                "sha256:c851b35fc078389bc16b915a0a7c1d5923e12e2c5aeec58c52f4aa8085ac8237",
                "sha256:cb7df71de0af56000115eafd000b867d1261f786b5eebd88a0ca6360cccfaca7",
                "sha256:cedb2f9e1f990918ea061f28a0f0077a07702e3819602d3507e2ff98c8d20636",
                "sha256:e8caf961e1b1a945db76f1b5fa9c91498d15f545ac0ababbe575cfab185d3bd8"
            ],
            "index": "pypi",
            "version": "==5.3"
        },
        "distlib": {
            "hashes": [
                "sha256:8c09de2c67b3e7deef7184574fc060ab8a793e7adbb183d942c389c8b13c52fb",
                "sha256:edf6116872c863e1aa9d5bb7cb5e05a022c519a4594dc703843343a9ddd9bff1"
            ],
            "version": "==0.3.1"
        },
        "fastdiff": {
            "hashes": [
                "sha256:623ad3d9055ab78e014d0d10767cb033d98d5d4f66052abf498350c8e42e29aa"
            ],
            "version": "==0.2.0"
        },
        "filelock": {
            "hashes": [
                "sha256:18d82244ee114f543149c66a6e0c14e9c4f8a1044b5cdaadd0f82159d6a6ff59",
                "sha256:929b7d63ec5b7d6b71b0fa5ac14e030b3f70b75747cef1b10da9b879fef15836"
            ],
            "version": "==3.0.12"
        },
        "flake8": {
            "hashes": [
                "sha256:15e351d19611c887e482fb960eae4d44845013cc142d42896e9862f775d8cf5c",
                "sha256:f04b9fcbac03b0a3e58c0ab3a0ecc462e023a9faf046d57794184028123aa208"
            ],
            "index": "pypi",
            "version": "==3.8.3"
        },
        "flake8-isort": {
            "hashes": [
                "sha256:2b91300f4f1926b396c2c90185844eb1a3d5ec39ea6138832d119da0a208f4d9",
                "sha256:729cd6ef9ba3659512dee337687c05d79c78e1215fdf921ed67e5fe46cce2f3c"
            ],
            "index": "pypi",
            "version": "==4.0.0"
        },
        "flake8-quotes": {
            "hashes": [
                "sha256:3f1116e985ef437c130431ac92f9b3155f8f652fda7405ac22ffdfd7a9d1055e"
            ],
            "index": "pypi",
            "version": "==3.2.0"
        },
        "identify": {
            "hashes": [
                "sha256:7c22c384a2c9b32c5cc891d13f923f6b2653aa83e2d75d8f79be240d6c86c4f4",
                "sha256:da683bfb7669fa749fc7731f378229e2dbf29a1d1337cbde04106f02236eb29d"
            ],
            "markers": "python_version >= '2.7' and python_version not in '3.0, 3.1, 3.2, 3.3'",
            "version": "==1.5.5"
        },
        "idna": {
            "hashes": [
                "sha256:b307872f855b18632ce0c21c5e45be78c0ea7ae4c15c828c20788b26921eb3f6",
                "sha256:b97d804b1e9b523befed77c48dacec60e6dcb0b5391d57af6a65a312a90648c0"
            ],
            "markers": "python_version >= '2.7' and python_version not in '3.0, 3.1, 3.2, 3.3'",
            "version": "==2.10"
        },
        "iniconfig": {
            "hashes": [
                "sha256:80cf40c597eb564e86346103f609d74efce0f6b4d4f30ec8ce9e2c26411ba437",
                "sha256:e5f92f89355a67de0595932a6c6c02ab4afddc6fcdc0bfc5becd0d60884d3f69"
            ],
            "version": "==1.0.1"
        },
        "isort": {
            "hashes": [
                "sha256:6187a9f1ce8784cbc6d1b88790a43e6083a6302f03e9ae482acc0f232a98c843",
                "sha256:c16eaa7432a1c004c585d79b12ad080c6c421dd18fe27982ca11f95e6898e432"
            ],
            "markers": "python_version >= '3.6' and python_version < '4.0'",
            "version": "==5.5.3"
        },
        "mccabe": {
            "hashes": [
                "sha256:ab8a6258860da4b6677da4bd2fe5dc2c659cff31b3ee4f7f5d64e79735b80d42",
                "sha256:dd8d182285a0fe56bace7f45b5e7d1a6ebcbf524e8f3bd87eb0f125271b8831f"
            ],
            "version": "==0.6.1"
        },
        "mock": {
            "hashes": [
                "sha256:3f9b2c0196c60d21838f307f5825a7b86b678cedc58ab9e50a8988187b4d81e0",
                "sha256:dd33eb70232b6118298d516bbcecd26704689c386594f0f3c4f13867b2c56f72"
            ],
            "index": "pypi",
            "version": "==4.0.2"
        },
        "multidict": {
            "hashes": [
                "sha256:1ece5a3369835c20ed57adadc663400b5525904e53bae59ec854a5d36b39b21a",
                "sha256:275ca32383bc5d1894b6975bb4ca6a7ff16ab76fa622967625baeebcf8079000",
                "sha256:3750f2205b800aac4bb03b5ae48025a64e474d2c6cc79547988ba1d4122a09e2",
                "sha256:4538273208e7294b2659b1602490f4ed3ab1c8cf9dbdd817e0e9db8e64be2507",
                "sha256:5141c13374e6b25fe6bf092052ab55c0c03d21bd66c94a0e3ae371d3e4d865a5",
                "sha256:51a4d210404ac61d32dada00a50ea7ba412e6ea945bbe992e4d7a595276d2ec7",
                "sha256:5cf311a0f5ef80fe73e4f4c0f0998ec08f954a6ec72b746f3c179e37de1d210d",
                "sha256:6513728873f4326999429a8b00fc7ceddb2509b01d5fd3f3be7881a257b8d463",
                "sha256:7388d2ef3c55a8ba80da62ecfafa06a1c097c18032a501ffd4cabbc52d7f2b19",
                "sha256:9456e90649005ad40558f4cf51dbb842e32807df75146c6d940b6f5abb4a78f3",
                "sha256:c026fe9a05130e44157b98fea3ab12969e5b60691a276150db9eda71710cd10b",
                "sha256:d14842362ed4cf63751648e7672f7174c9818459d169231d03c56e84daf90b7c",
                "sha256:e0d072ae0f2a179c375f67e3da300b47e1a83293c554450b29c900e50afaae87",
                "sha256:f07acae137b71af3bb548bd8da720956a3bc9f9a0b87733e0899226a2317aeb7",
                "sha256:fbb77a75e529021e7c4a8d4e823d88ef4d23674a202be4f5addffc72cbb91430",
                "sha256:fcfbb44c59af3f8ea984de67ec7c306f618a3ec771c2843804069917a8f2e255",
                "sha256:feed85993dbdb1dbc29102f50bca65bdc68f2c0c8d352468c25b54874f23c39d"
            ],
            "markers": "python_version >= '3.5'",
            "version": "==4.7.6"
        },
        "mypy": {
            "hashes": [
                "sha256:2c6cde8aa3426c1682d35190b59b71f661237d74b053822ea3d748e2c9578a7c",
                "sha256:3fdda71c067d3ddfb21da4b80e2686b71e9e5c72cca65fa216d207a358827f86",
                "sha256:5dd13ff1f2a97f94540fd37a49e5d255950ebcdf446fb597463a40d0df3fac8b",
                "sha256:6731603dfe0ce4352c555c6284c6db0dc935b685e9ce2e4cf220abe1e14386fd",
                "sha256:6bb93479caa6619d21d6e7160c552c1193f6952f0668cdda2f851156e85186fc",
                "sha256:81c7908b94239c4010e16642c9102bfc958ab14e36048fa77d0be3289dda76ea",
                "sha256:9c7a9a7ceb2871ba4bac1cf7217a7dd9ccd44c27c2950edbc6dc08530f32ad4e",
                "sha256:a4a2cbcfc4cbf45cd126f531dedda8485671545b43107ded25ce952aac6fb308",
                "sha256:b7fbfabdbcc78c4f6fc4712544b9b0d6bf171069c6e0e3cb82440dd10ced3406",
                "sha256:c05b9e4fb1d8a41d41dec8786c94f3b95d3c5f528298d769eb8e73d293abc48d",
                "sha256:d7df6eddb6054d21ca4d3c6249cae5578cb4602951fd2b6ee2f5510ffb098707",
                "sha256:e0b61738ab504e656d1fe4ff0c0601387a5489ca122d55390ade31f9ca0e252d",
                "sha256:eff7d4a85e9eea55afa34888dfeaccde99e7520b51f867ac28a48492c0b1130c",
                "sha256:f05644db6779387ccdb468cc47a44b4356fc2ffa9287135d05b70a98dc83b89a"
            ],
            "index": "pypi",
            "version": "==0.782"
        },
        "mypy-extensions": {
            "hashes": [
                "sha256:090fedd75945a69ae91ce1303b5824f428daf5a028d2f6ab8a299250a846f15d",
                "sha256:2d82818f5bb3e369420cb3c4060a7970edba416647068eb4c5343488a6c604a8"
            ],
            "version": "==0.4.3"
        },
        "nodeenv": {
            "hashes": [
                "sha256:5304d424c529c997bc888453aeaa6362d242b6b4631e90f3d4bf1b290f1c84a9",
                "sha256:ab45090ae383b716c4ef89e690c41ff8c2b257b85b309f01f3654df3d084bd7c"
            ],
            "version": "==1.5.0"
        },
        "packaging": {
            "hashes": [
                "sha256:4357f74f47b9c12db93624a82154e9b120fa8293699949152b22065d556079f8",
                "sha256:998416ba6962ae7fbd6596850b80e17859a5753ba17c32284f67bfff33784181"
            ],
            "markers": "python_version >= '2.7' and python_version not in '3.0, 3.1, 3.2, 3.3'",
            "version": "==20.4"
        },
        "pathspec": {
            "hashes": [
                "sha256:7d91249d21749788d07a2d0f94147accd8f845507400749ea19c1ec9054a12b0",
                "sha256:da45173eb3a6f2a5a487efba21f050af2b41948be6ab52b6a1e3ff22bb8b7061"
            ],
            "version": "==0.8.0"
        },
        "pluggy": {
            "hashes": [
                "sha256:15b2acde666561e1298d71b523007ed7364de07029219b604cf808bfa1c765b0",
                "sha256:966c145cd83c96502c3c3868f50408687b38434af77734af1e9ca461a4081d2d"
            ],
            "markers": "python_version >= '2.7' and python_version not in '3.0, 3.1, 3.2, 3.3'",
            "version": "==0.13.1"
        },
        "pre-commit": {
            "hashes": [
                "sha256:810aef2a2ba4f31eed1941fc270e72696a1ad5590b9751839c90807d0fff6b9a",
                "sha256:c54fd3e574565fe128ecc5e7d2f91279772ddb03f8729645fa812fe809084a70"
            ],
            "index": "pypi",
            "version": "==2.7.1"
        },
        "py": {
            "hashes": [
                "sha256:366389d1db726cd2fcfc79732e75410e5fe4d31db13692115529d34069a043c2",
                "sha256:9ca6883ce56b4e8da7e79ac18787889fa5206c79dcc67fb065376cd2fe03f342"
            ],
            "markers": "python_version >= '2.7' and python_version not in '3.0, 3.1, 3.2, 3.3'",
            "version": "==1.9.0"
        },
        "pycodestyle": {
            "hashes": [
                "sha256:2295e7b2f6b5bd100585ebcb1f616591b652db8a741695b3d8f5d28bdc934367",
                "sha256:c58a7d2815e0e8d7972bf1803331fb0152f867bd89adf8a01dfd55085434192e"
            ],
            "markers": "python_version >= '2.7' and python_version not in '3.0, 3.1, 3.2, 3.3'",
            "version": "==2.6.0"
        },
        "pyflakes": {
            "hashes": [
                "sha256:0d94e0e05a19e57a99444b6ddcf9a6eb2e5c68d3ca1e98e90707af8152c90a92",
                "sha256:35b2d75ee967ea93b55750aa9edbbf72813e06a66ba54438df2cfac9e3c27fc8"
            ],
            "markers": "python_version >= '2.7' and python_version not in '3.0, 3.1, 3.2, 3.3'",
            "version": "==2.2.0"
        },
        "pyparsing": {
            "hashes": [
                "sha256:c203ec8783bf771a155b207279b9bccb8dea02d8f0c9e5f8ead507bc3246ecc1",
                "sha256:ef9d7589ef3c200abe66653d3f1ab1033c3c419ae9b9bdb1240a85b024efc88b"
            ],
            "markers": "python_version >= '2.6' and python_version not in '3.0, 3.1, 3.2, 3.3'",
            "version": "==2.4.7"
        },
        "pytest": {
            "hashes": [
                "sha256:1cd09785c0a50f9af72220dd12aa78cfa49cbffc356c61eab009ca189e018a33",
                "sha256:d010e24666435b39a4cf48740b039885642b6c273a3f77be3e7e03554d2806b7"
            ],
            "index": "pypi",
            "version": "==6.1.0"
        },
        "pyyaml": {
            "hashes": [
                "sha256:06a0d7ba600ce0b2d2fe2e78453a470b5a6e000a985dd4a4e54e436cc36b0e97",
                "sha256:240097ff019d7c70a4922b6869d8a86407758333f02203e0fc6ff79c5dcede76",
                "sha256:4f4b913ca1a7319b33cfb1369e91e50354d6f07a135f3b901aca02aa95940bd2",
                "sha256:69f00dca373f240f842b2931fb2c7e14ddbacd1397d57157a9b005a6a9942648",
                "sha256:73f099454b799e05e5ab51423c7bcf361c58d3206fa7b0d555426b1f4d9a3eaf",
                "sha256:74809a57b329d6cc0fdccee6318f44b9b8649961fa73144a98735b0aaf029f1f",
                "sha256:7739fc0fa8205b3ee8808aea45e968bc90082c10aef6ea95e855e10abf4a37b2",
                "sha256:95f71d2af0ff4227885f7a6605c37fd53d3a106fcab511b8860ecca9fcf400ee",
                "sha256:b8eac752c5e14d3eca0e6dd9199cd627518cb5ec06add0de9d32baeee6fe645d",
                "sha256:cc8955cfbfc7a115fa81d85284ee61147059a753344bc51098f3ccd69b0d7e0c",
                "sha256:d13155f591e6fcc1ec3b30685d50bf0711574e2c0dfffd7644babf8b5102ca1a"
            ],
            "index": "pypi",
            "version": "==5.3.1"
        },
        "regex": {
            "hashes": [
                "sha256:088afc8c63e7bd187a3c70a94b9e50ab3f17e1d3f52a32750b5b77dbe99ef5ef",
                "sha256:1fe0a41437bbd06063aa184c34804efa886bcc128222e9916310c92cd54c3b4c",
                "sha256:41bb65f54bba392643557e617316d0d899ed5b4946dccee1cb6696152b29844b",
                "sha256:4318d56bccfe7d43e5addb272406ade7a2274da4b70eb15922a071c58ab0108c",
                "sha256:4707f3695b34335afdfb09be3802c87fa0bc27030471dbc082f815f23688bc63",
                "sha256:5533a959a1748a5c042a6da71fe9267a908e21eded7a4f373efd23a2cbdb0ecc",
                "sha256:5f18875ac23d9aa2f060838e8b79093e8bb2313dbaaa9f54c6d8e52a5df097be",
                "sha256:60b0e9e6dc45683e569ec37c55ac20c582973841927a85f2d8a7d20ee80216ab",
                "sha256:84e9407db1b2eb368b7ecc283121b5e592c9aaedbe8c78b1a2f1102eb2e21d19",
                "sha256:8d69cef61fa50c8133382e61fd97439de1ae623fe943578e477e76a9d9471637",
                "sha256:9a02d0ae31d35e1ec12a4ea4d4cca990800f66a917d0fb997b20fbc13f5321fc",
                "sha256:9bc13e0d20b97ffb07821aa3e113f9998e84994fe4d159ffa3d3a9d1b805043b",
                "sha256:a6f32aea4260dfe0e55dc9733ea162ea38f0ea86aa7d0f77b15beac5bf7b369d",
                "sha256:ae91972f8ac958039920ef6e8769277c084971a142ce2b660691793ae44aae6b",
                "sha256:c570f6fa14b9c4c8a4924aaad354652366577b4f98213cf76305067144f7b100",
                "sha256:d23a18037313714fb3bb5a94434d3151ee4300bae631894b1ac08111abeaa4a3",
                "sha256:eaf548d117b6737df379fdd53bdde4f08870e66d7ea653e230477f071f861121",
                "sha256:ebbe29186a3d9b0c591e71b7393f1ae08c83cb2d8e517d2a822b8f7ec99dfd8b",
                "sha256:eda4771e0ace7f67f58bc5b560e27fb20f32a148cbc993b0c3835970935c2707",
                "sha256:f1b3afc574a3db3b25c89161059d857bd4909a1269b0b3cb3c904677c8c4a3f7",
                "sha256:f2388013e68e750eaa16ccbea62d4130180c26abb1d8e5d584b9baf69672b30f"
            ],
            "version": "==2020.9.27"
        },
        "seed-isort-config": {
            "hashes": [
                "sha256:8601fb715a5a4aac39256bbf73c2da6a81f964da9c9d9897ab9074db3663526f",
                "sha256:be4cfef8f9a3fe8ea1817069c6b624538ac0b429636ec746edeb27e98ed628c8"
            ],
            "index": "pypi",
            "version": "==2.2.0"
        },
        "six": {
            "hashes": [
                "sha256:30639c035cdb23534cd4aa2dd52c3bf48f06e5f4a941509c8bafd8ce11080259",
                "sha256:8b74bedcbbbaca38ff6d7491d76f2b06b3592611af620f8426e82dddb04a5ced"
            ],
            "markers": "python_version >= '2.7' and python_version not in '3.0, 3.1, 3.2, 3.3'",
            "version": "==1.15.0"
        },
        "snapshottest": {
            "hashes": [
                "sha256:9b177cffe0870c589df8ddbee0a770149c5474b251955bdbde58b7f32a4ec429",
                "sha256:bbcaf81d92d8e330042e5c928e13d9f035e99e91b314fe55fda949c2f17b653c"
            ],
            "index": "pypi",
            "version": "==0.6.0"
        },
        "termcolor": {
            "hashes": [
                "sha256:1d6d69ce66211143803fbc56652b41d73b4a400a2891d7bf7a1cdf4c02de613b"
            ],
            "version": "==1.1.0"
        },
        "testfixtures": {
            "hashes": [
                "sha256:14d9907390f5f9c7189b3d511b64f34f1072d07cc13b604a57e1bb79029376e3",
                "sha256:816557888877f498081c1b5c572049b4a2ddffedb77401308ff4cdc1bb9147b7"
            ],
            "version": "==6.14.2"
        },
        "toml": {
            "hashes": [
                "sha256:926b612be1e5ce0634a2ca03470f95169cf16f939018233a670519cb4ac58b0f",
                "sha256:bda89d5935c2eac546d648028b9901107a595863cb36bae0c73ac804a9b4ce88"
            ],
            "version": "==0.10.1"
        },
        "typed-ast": {
            "hashes": [
                "sha256:0666aa36131496aed8f7be0410ff974562ab7eeac11ef351def9ea6fa28f6355",
                "sha256:0c2c07682d61a629b68433afb159376e24e5b2fd4641d35424e462169c0a7919",
                "sha256:249862707802d40f7f29f6e1aad8d84b5aa9e44552d2cc17384b209f091276aa",
                "sha256:24995c843eb0ad11a4527b026b4dde3da70e1f2d8806c99b7b4a7cf491612652",
                "sha256:269151951236b0f9a6f04015a9004084a5ab0d5f19b57de779f908621e7d8b75",
                "sha256:4083861b0aa07990b619bd7ddc365eb7fa4b817e99cf5f8d9cf21a42780f6e01",
                "sha256:498b0f36cc7054c1fead3d7fc59d2150f4d5c6c56ba7fb150c013fbc683a8d2d",
                "sha256:4e3e5da80ccbebfff202a67bf900d081906c358ccc3d5e3c8aea42fdfdfd51c1",
                "sha256:6daac9731f172c2a22ade6ed0c00197ee7cc1221aa84cfdf9c31defeb059a907",
                "sha256:715ff2f2df46121071622063fc7543d9b1fd19ebfc4f5c8895af64a77a8c852c",
                "sha256:73d785a950fc82dd2a25897d525d003f6378d1cb23ab305578394694202a58c3",
                "sha256:8c8aaad94455178e3187ab22c8b01a3837f8ee50e09cf31f1ba129eb293ec30b",
                "sha256:8ce678dbaf790dbdb3eba24056d5364fb45944f33553dd5869b7580cdbb83614",
                "sha256:aaee9905aee35ba5905cfb3c62f3e83b3bec7b39413f0a7f19be4e547ea01ebb",
                "sha256:bcd3b13b56ea479b3650b82cabd6b5343a625b0ced5429e4ccad28a8973f301b",
                "sha256:c9e348e02e4d2b4a8b2eedb48210430658df6951fa484e59de33ff773fbd4b41",
                "sha256:d205b1b46085271b4e15f670058ce182bd1199e56b317bf2ec004b6a44f911f6",
                "sha256:d43943ef777f9a1c42bf4e552ba23ac77a6351de620aa9acf64ad54933ad4d34",
                "sha256:d5d33e9e7af3b34a40dc05f498939f0ebf187f07c385fd58d591c533ad8562fe",
                "sha256:fc0fea399acb12edbf8a628ba8d2312f583bdbdb3335635db062fa98cf71fca4",
                "sha256:fe460b922ec15dd205595c9b5b99e2f056fd98ae8f9f56b888e7a17dc2b757e7"
            ],
            "version": "==1.4.1"
        },
        "typing-extensions": {
            "hashes": [
                "sha256:7cb407020f00f7bfc3cb3e7881628838e69d8f3fcab2f64742a5e76b2f841918",
                "sha256:99d4073b617d30288f569d3f13d2bd7548c3a7e4c8de87db09a9d29bb3a4a60c",
                "sha256:dafc7639cde7f1b6e1acc0f457842a83e722ccca8eef5270af2d74792619a89f"
            ],
            "version": "==3.7.4.3"
        },
        "vcrpy": {
            "hashes": [
                "sha256:4138e79eb35981ad391406cbb7227bce7eba8bad788dcf1a89c2e4a8b740debe",
                "sha256:d833248442bbc560599add895c9ab0ef518676579e8dc72d8b0933bdb3880253"
            ],
            "index": "pypi",
            "version": "==4.1.0"
        },
        "virtualenv": {
            "hashes": [
                "sha256:43add625c53c596d38f971a465553f6318decc39d98512bc100fa1b1e839c8dc",
                "sha256:e0305af10299a7fb0d69393d8f04cb2965dda9351140d11ac8db4e5e3970451b"
            ],
            "markers": "python_version >= '2.7' and python_version not in '3.0, 3.1, 3.2, 3.3'",
            "version": "==20.0.31"
        },
        "wasmer": {
            "hashes": [
                "sha256:519d9f7a33f0dc28498edf8d074944df1cfda3f4d56a6b0a9dc606e99f230c07",
                "sha256:6e37fd76931da954d12f7708e7fc790c479e17ea6dfe54bb4f1403d6fe919c62",
                "sha256:92aee4b3994735f72e27c9deaca36d063781ddfd1068756bf63509288c1a2c14",
                "sha256:c36c6c7a3582c0467ea76c5b86a5a25c2e1a713669ebf8fc6511b26f30828ed7",
                "sha256:d5a58b318628bd48605a4810ee9ba030ec4423dee730d45f031bd082cf36ad8b",
                "sha256:f864b1e910e6803aa8f3ed9c371b145f0b6fd191f5fbefea011ac7ed4258734d",
                "sha256:fa1c8479781c91e6b814ef006f6e099b6550eba12601a8617475fb514fc09365"
            ],
            "version": "==0.4.1"
        },
        "wrapt": {
            "hashes": [
                "sha256:b62ffa81fb85f4332a4f609cab4ac40709470da05643a082ec1eb88e6d9b97d7"
            ],
            "version": "==1.12.1"
        },
        "yarl": {
            "hashes": [
                "sha256:04a54f126a0732af75e5edc9addeaa2113e2ca7c6fce8974a63549a70a25e50e",
                "sha256:3cc860d72ed989f3b1f3abbd6ecf38e412de722fb38b8f1b1a086315cf0d69c5",
                "sha256:5d84cc36981eb5a8533be79d6c43454c8e6a39ee3118ceaadbd3c029ab2ee580",
                "sha256:5e447e7f3780f44f890360ea973418025e8c0cdcd7d6a1b221d952600fd945dc",
                "sha256:61d3ea3c175fe45f1498af868879c6ffeb989d4143ac542163c45538ba5ec21b",
                "sha256:67c5ea0970da882eaf9efcf65b66792557c526f8e55f752194eff8ec722c75c2",
                "sha256:6f6898429ec3c4cfbef12907047136fd7b9e81a6ee9f105b45505e633427330a",
                "sha256:7ce35944e8e61927a8f4eb78f5bc5d1e6da6d40eadd77e3f79d4e9399e263921",
                "sha256:b7c199d2cbaf892ba0f91ed36d12ff41ecd0dde46cbf64ff4bfe997a3ebc925e",
                "sha256:c15d71a640fb1f8e98a1423f9c64d7f1f6a3a168f803042eaf3a5b5022fde0c1",
                "sha256:c22607421f49c0cb6ff3ed593a49b6a99c6ffdeaaa6c944cdda83c2393c8864d",
                "sha256:c604998ab8115db802cc55cb1b91619b2831a6128a62ca7eea577fc8ea4d3131",
                "sha256:d088ea9319e49273f25b1c96a3763bf19a882cff774d1792ae6fba34bd40550a",
                "sha256:db9eb8307219d7e09b33bcb43287222ef35cbcf1586ba9472b0a4b833666ada1",
                "sha256:e31fef4e7b68184545c3d68baec7074532e077bd1906b040ecfba659737df188",
                "sha256:e32f0fb443afcfe7f01f95172b66f279938fbc6bdaebe294b0ff6747fb6db020",
                "sha256:fcbe419805c9b20db9a51d33b942feddbf6e7fb468cb20686fd7089d4164c12a"
            ],
            "markers": "python_version >= '3.6'",
            "version": "==1.6.0"
        }
    }
}
