interactions:
  - request:
      body: '{"files": ["Pipfile", "dummy_file.py"]}'
      headers:
        Accept:
          - '*/*'
        Accept-Encoding:
          - gzip, deflate
        Connection:
          - keep-alive
        Content-Length:
          - '47'
        Content-Type:
          - application/json
        User-Agent:
          - pygitguardian/1.8.0 (Linux;py3.10.6)
      method: POST
      uri: https://api.gitguardian.com/v1/sca/compute_sca_files/
    response:
      body:
        string: '{"sca_files":["Pipfile"],"potential_siblings":["Pipfile.lock"]}'
      headers:
        access-control-expose-headers:
          - X-App-Version
        allow:
          - POST, OPTIONS
        content-length:
          - '63'
        content-type:
          - application/json
        cross-origin-opener-policy:
          - same-origin
        date:
          - Fri, 30 Jun 2023 13:08:49 GMT
        referrer-policy:
          - strict-origin-when-cross-origin
        server:
          - istio-envoy
        strict-transport-security:
          - max-age=31536000; includeSubDomains
        vary:
          - Cookie
        x-app-version:
          - ec539ba5
        x-content-type-options:
          - nosniff
          - nosniff
        x-envoy-upstream-service-time:
          - '13'
        x-frame-options:
          - DENY
          - SAMEORIGIN
        x-secrets-engine-version:
          - 2.93.0
        x-xss-protection:
          - 1; mode=block
      status:
        code: 200
        message: OK
version: 1
